
Microsoft Visual Studio Solution File, Format Version 12.00
# Visual Studio Version 17
VisualStudioVersion = 17.5.33424.131
MinimumVisualStudioVersion = 10.0.40219.1
Project("{FAE04EC0-301F-11D3-BF4B-00C04F79EFBC}") = "yejin", "yejin\yejin.csproj", "{FB5AB6E0-F054-4402-8F45-7CC196A16217}"
EndProject
Global
	GlobalSection(SolutionConfigurationPlatforms) = preSolution
		Debug|Any CPU = Debug|Any CPU
		Release|Any CPU = Release|Any CPU
	EndGlobalSection
	GlobalSection(ProjectConfigurationPlatforms) = postSolution
		{FB5AB6E0-F054-4402-8F45-7CC196A16217}.Debug|Any CPU.ActiveCfg = Debug|Any CPU
		{FB5AB6E0-F054-4402-8F45-7CC196A16217}.Debug|Any CPU.Build.0 = Debug|Any CPU
		{FB5AB6E0-F054-4402-8F45-7CC196A16217}.Release|Any CPU.ActiveCfg = Release|Any CPU
		{FB5AB6E0-F054-4402-8F45-7CC196A16217}.Release|Any CPU.Build.0 = Release|Any CPU
	EndGlobalSection
	GlobalSection(SolutionProperties) = preSolution
		HideSolutionNode = FALSE
	EndGlobalSection
	GlobalSection(ExtensibilityGlobals) = postSolution
		SolutionGuid = {80AD92C8-4BCC-4B8F-8B35-73045DDBD81C}
	EndGlobalSection
EndGlobal
